# This file is automatically @generated by Cargo.
# It is not intended for manual editing.
version = 3

[[package]]
name = "html-parser"
version = "0.1.0"
dependencies = [
 "winnow",
]

[[package]]
name = "memchr"
version = "2.6.4"
source = "registry+https://github.com/rust-lang/crates.io-index"
checksum = "f665ee40bc4a3c5590afb1e9677db74a508659dfd71e126420da8274909a0167"

[[package]]
name = "winnow"
version = "0.5.17"
source = "registry+https://github.com/rust-lang/crates.io-index"
checksum = "a3b801d0e0a6726477cc207f60162da452f3a95adb368399bef20a946e06f65c"
dependencies = [
 "memchr",
]
